
Microsoft Visual Studio Solution File, Format Version 12.00
# Visual Studio 15
VisualStudioVersion = 15.0.28307.1705
MinimumVisualStudioVersion = 10.0.40219.1
Project("{8BC9CEB8-8B4A-11D0-8D11-00A0C91BC942}") = "Project2", "Project2\Project2.vcxproj", "{E11D1334-6E2F-4C92-AB22-4ADE208F6FDD}"
EndProject
Global
	GlobalSection(SolutionConfigurationPlatforms) = preSolution
		Debug|x64 = Debug|x64
		Debug|x86 = Debug|x86
		Release|x64 = Release|x64
		Release|x86 = Release|x86
	EndGlobalSection
	GlobalSection(ProjectConfigurationPlatforms) = postSolution
		{E11D1334-6E2F-4C92-AB22-4ADE208F6FDD}.Debug|x64.ActiveCfg = Debug|x64
		{E11D1334-6E2F-4C92-AB22-4ADE208F6FDD}.Debug|x64.Build.0 = Debug|x64
		{E11D1334-6E2F-4C92-AB22-4ADE208F6FDD}.Debug|x86.ActiveCfg = Debug|Win32
		{E11D1334-6E2F-4C92-AB22-4ADE208F6FDD}.Debug|x86.Build.0 = Debug|Win32
		{E11D1334-6E2F-4C92-AB22-4ADE208F6FDD}.Release|x64.ActiveCfg = Release|x64
		{E11D1334-6E2F-4C92-AB22-4ADE208F6FDD}.Release|x64.Build.0 = Release|x64
		{E11D1334-6E2F-4C92-AB22-4ADE208F6FDD}.Release|x86.ActiveCfg = Release|Win32
		{E11D1334-6E2F-4C92-AB22-4ADE208F6FDD}.Release|x86.Build.0 = Release|Win32
	EndGlobalSection
	GlobalSection(SolutionProperties) = preSolution
		HideSolutionNode = FALSE
	EndGlobalSection
	GlobalSection(ExtensibilityGlobals) = postSolution
		SolutionGuid = {3873AD4D-2E1B-4434-9BDB-37DB73BBDAF5}
	EndGlobalSection
EndGlobal
